
Microsoft Visual Studio Solution File, Format Version 12.00
# Visual Studio Version 17
VisualStudioVersion = 17.10.35013.160
MinimumVisualStudioVersion = 10.0.40219.1
Project("{9A19103F-16F7-4668-BE54-9A1E7A4F7556}") = "FastSomething", "FastSomething\FastSomething.csproj", "{79B95F30-EB18-4D56-9508-821C47E1F47F}"
EndProject
Project("{9A19103F-16F7-4668-BE54-9A1E7A4F7556}") = "ReadUnencodedFile", "ReadUnencodedFile\ReadUnencodedFile.csproj", "{736AB158-4FAA-4C5D-9134-B5AAAA07C118}"
EndProject
Project("{9A19103F-16F7-4668-BE54-9A1E7A4F7556}") = "BinToTxt", "BinToTxt\BinToTxt.csproj", "{503111AC-9DEA-4CC0-8433-C9E7712427B2}"
EndProject
Project("{9A19103F-16F7-4668-BE54-9A1E7A4F7556}") = "DecodeDifferential", "DecodeDifferential\DecodeDifferential.csproj", "{72696BB6-30AF-484B-9D42-58F7F6B90A1D}"
EndProject
Project("{9A19103F-16F7-4668-BE54-9A1E7A4F7556}") = "DifferentialEncodingBitwiseFast", "DifferentialEncodingBitwiseFast\DifferentialEncodingBitwiseFast.csproj", "{C6913B99-281C-4F32-A20B-6A416E9B3D06}"
	ProjectSection(ProjectDependencies) = postProject
		{42274CA3-1A9E-4ABD-80B2-CCF0C6E39784} = {42274CA3-1A9E-4ABD-80B2-CCF0C6E39784}
	EndProjectSection
EndProject
Project("{9A19103F-16F7-4668-BE54-9A1E7A4F7556}") = "Bindings", "ConsoleApp1\Bindings.csproj", "{42274CA3-1A9E-4ABD-80B2-CCF0C6E39784}"
EndProject
Global
	GlobalSection(SolutionConfigurationPlatforms) = preSolution
		Debug|Any CPU = Debug|Any CPU
		Debug|ARM32 = Debug|ARM32
		Debug|ARM64 = Debug|ARM64
		Debug|x64 = Debug|x64
		Debug|x86 = Debug|x86
		Release|Any CPU = Release|Any CPU
		Release|ARM32 = Release|ARM32
		Release|ARM64 = Release|ARM64
		Release|x64 = Release|x64
		Release|x86 = Release|x86
	EndGlobalSection
	GlobalSection(ProjectConfigurationPlatforms) = postSolution
		{79B95F30-EB18-4D56-9508-821C47E1F47F}.Debug|Any CPU.ActiveCfg = Debug|Any CPU
		{79B95F30-EB18-4D56-9508-821C47E1F47F}.Debug|Any CPU.Build.0 = Debug|Any CPU
		{79B95F30-EB18-4D56-9508-821C47E1F47F}.Debug|ARM32.ActiveCfg = Debug|Any CPU
		{79B95F30-EB18-4D56-9508-821C47E1F47F}.Debug|ARM32.Build.0 = Debug|Any CPU
		{79B95F30-EB18-4D56-9508-821C47E1F47F}.Debug|ARM64.ActiveCfg = Debug|Any CPU
		{79B95F30-EB18-4D56-9508-821C47E1F47F}.Debug|ARM64.Build.0 = Debug|Any CPU
		{79B95F30-EB18-4D56-9508-821C47E1F47F}.Debug|x64.ActiveCfg = Debug|Any CPU
		{79B95F30-EB18-4D56-9508-821C47E1F47F}.Debug|x64.Build.0 = Debug|Any CPU
		{79B95F30-EB18-4D56-9508-821C47E1F47F}.Debug|x86.ActiveCfg = Debug|Any CPU
		{79B95F30-EB18-4D56-9508-821C47E1F47F}.Debug|x86.Build.0 = Debug|Any CPU
		{79B95F30-EB18-4D56-9508-821C47E1F47F}.Release|Any CPU.ActiveCfg = Release|Any CPU
		{79B95F30-EB18-4D56-9508-821C47E1F47F}.Release|Any CPU.Build.0 = Release|Any CPU
		{79B95F30-EB18-4D56-9508-821C47E1F47F}.Release|ARM32.ActiveCfg = Release|Any CPU
		{79B95F30-EB18-4D56-9508-821C47E1F47F}.Release|ARM32.Build.0 = Release|Any CPU
		{79B95F30-EB18-4D56-9508-821C47E1F47F}.Release|ARM64.ActiveCfg = Release|Any CPU
		{79B95F30-EB18-4D56-9508-821C47E1F47F}.Release|ARM64.Build.0 = Release|Any CPU
		{79B95F30-EB18-4D56-9508-821C47E1F47F}.Release|x64.ActiveCfg = Release|Any CPU
		{79B95F30-EB18-4D56-9508-821C47E1F47F}.Release|x64.Build.0 = Release|Any CPU
		{79B95F30-EB18-4D56-9508-821C47E1F47F}.Release|x86.ActiveCfg = Release|Any CPU
		{79B95F30-EB18-4D56-9508-821C47E1F47F}.Release|x86.Build.0 = Release|Any CPU
		{736AB158-4FAA-4C5D-9134-B5AAAA07C118}.Debug|Any CPU.ActiveCfg = Debug|Any CPU
		{736AB158-4FAA-4C5D-9134-B5AAAA07C118}.Debug|Any CPU.Build.0 = Debug|Any CPU
		{736AB158-4FAA-4C5D-9134-B5AAAA07C118}.Debug|ARM32.ActiveCfg = Debug|Any CPU
		{736AB158-4FAA-4C5D-9134-B5AAAA07C118}.Debug|ARM32.Build.0 = Debug|Any CPU
		{736AB158-4FAA-4C5D-9134-B5AAAA07C118}.Debug|ARM64.ActiveCfg = Debug|Any CPU
		{736AB158-4FAA-4C5D-9134-B5AAAA07C118}.Debug|ARM64.Build.0 = Debug|Any CPU
		{736AB158-4FAA-4C5D-9134-B5AAAA07C118}.Debug|x64.ActiveCfg = Debug|Any CPU
		{736AB158-4FAA-4C5D-9134-B5AAAA07C118}.Debug|x64.Build.0 = Debug|Any CPU
		{736AB158-4FAA-4C5D-9134-B5AAAA07C118}.Debug|x86.ActiveCfg = Debug|Any CPU
		{736AB158-4FAA-4C5D-9134-B5AAAA07C118}.Debug|x86.Build.0 = Debug|Any CPU
		{736AB158-4FAA-4C5D-9134-B5AAAA07C118}.Release|Any CPU.ActiveCfg = Release|Any CPU
		{736AB158-4FAA-4C5D-9134-B5AAAA07C118}.Release|Any CPU.Build.0 = Release|Any CPU
		{736AB158-4FAA-4C5D-9134-B5AAAA07C118}.Release|ARM32.ActiveCfg = Release|Any CPU
		{736AB158-4FAA-4C5D-9134-B5AAAA07C118}.Release|ARM32.Build.0 = Release|Any CPU
		{736AB158-4FAA-4C5D-9134-B5AAAA07C118}.Release|ARM64.ActiveCfg = Release|Any CPU
		{736AB158-4FAA-4C5D-9134-B5AAAA07C118}.Release|ARM64.Build.0 = Release|Any CPU
		{736AB158-4FAA-4C5D-9134-B5AAAA07C118}.Release|x64.ActiveCfg = Release|Any CPU
		{736AB158-4FAA-4C5D-9134-B5AAAA07C118}.Release|x64.Build.0 = Release|Any CPU
		{736AB158-4FAA-4C5D-9134-B5AAAA07C118}.Release|x86.ActiveCfg = Release|Any CPU
		{736AB158-4FAA-4C5D-9134-B5AAAA07C118}.Release|x86.Build.0 = Release|Any CPU
		{503111AC-9DEA-4CC0-8433-C9E7712427B2}.Debug|Any CPU.ActiveCfg = Debug|Any CPU
		{503111AC-9DEA-4CC0-8433-C9E7712427B2}.Debug|Any CPU.Build.0 = Debug|Any CPU
		{503111AC-9DEA-4CC0-8433-C9E7712427B2}.Debug|ARM32.ActiveCfg = Debug|Any CPU
		{503111AC-9DEA-4CC0-8433-C9E7712427B2}.Debug|ARM32.Build.0 = Debug|Any CPU
		{503111AC-9DEA-4CC0-8433-C9E7712427B2}.Debug|ARM64.ActiveCfg = Debug|Any CPU
		{503111AC-9DEA-4CC0-8433-C9E7712427B2}.Debug|ARM64.Build.0 = Debug|Any CPU
		{503111AC-9DEA-4CC0-8433-C9E7712427B2}.Debug|x64.ActiveCfg = Debug|Any CPU
		{503111AC-9DEA-4CC0-8433-C9E7712427B2}.Debug|x64.Build.0 = Debug|Any CPU
		{503111AC-9DEA-4CC0-8433-C9E7712427B2}.Debug|x86.ActiveCfg = Debug|Any CPU
		{503111AC-9DEA-4CC0-8433-C9E7712427B2}.Debug|x86.Build.0 = Debug|Any CPU
		{503111AC-9DEA-4CC0-8433-C9E7712427B2}.Release|Any CPU.ActiveCfg = Release|Any CPU
		{503111AC-9DEA-4CC0-8433-C9E7712427B2}.Release|Any CPU.Build.0 = Release|Any CPU
		{503111AC-9DEA-4CC0-8433-C9E7712427B2}.Release|ARM32.ActiveCfg = Release|Any CPU
		{503111AC-9DEA-4CC0-8433-C9E7712427B2}.Release|ARM32.Build.0 = Release|Any CPU
		{503111AC-9DEA-4CC0-8433-C9E7712427B2}.Release|ARM64.ActiveCfg = Release|Any CPU
		{503111AC-9DEA-4CC0-8433-C9E7712427B2}.Release|ARM64.Build.0 = Release|Any CPU
		{503111AC-9DEA-4CC0-8433-C9E7712427B2}.Release|x64.ActiveCfg = Release|Any CPU
		{503111AC-9DEA-4CC0-8433-C9E7712427B2}.Release|x64.Build.0 = Release|Any CPU
		{503111AC-9DEA-4CC0-8433-C9E7712427B2}.Release|x86.ActiveCfg = Release|Any CPU
		{503111AC-9DEA-4CC0-8433-C9E7712427B2}.Release|x86.Build.0 = Release|Any CPU
		{72696BB6-30AF-484B-9D42-58F7F6B90A1D}.Debug|Any CPU.ActiveCfg = Debug|Any CPU
		{72696BB6-30AF-484B-9D42-58F7F6B90A1D}.Debug|Any CPU.Build.0 = Debug|Any CPU
		{72696BB6-30AF-484B-9D42-58F7F6B90A1D}.Debug|ARM32.ActiveCfg = Debug|Any CPU
		{72696BB6-30AF-484B-9D42-58F7F6B90A1D}.Debug|ARM32.Build.0 = Debug|Any CPU
		{72696BB6-30AF-484B-9D42-58F7F6B90A1D}.Debug|ARM64.ActiveCfg = Debug|Any CPU
		{72696BB6-30AF-484B-9D42-58F7F6B90A1D}.Debug|ARM64.Build.0 = Debug|Any CPU
		{72696BB6-30AF-484B-9D42-58F7F6B90A1D}.Debug|x64.ActiveCfg = Debug|Any CPU
		{72696BB6-30AF-484B-9D42-58F7F6B90A1D}.Debug|x64.Build.0 = Debug|Any CPU
		{72696BB6-30AF-484B-9D42-58F7F6B90A1D}.Debug|x86.ActiveCfg = Debug|Any CPU
		{72696BB6-30AF-484B-9D42-58F7F6B90A1D}.Debug|x86.Build.0 = Debug|Any CPU
		{72696BB6-30AF-484B-9D42-58F7F6B90A1D}.Release|Any CPU.ActiveCfg = Release|Any CPU
		{72696BB6-30AF-484B-9D42-58F7F6B90A1D}.Release|Any CPU.Build.0 = Release|Any CPU
		{72696BB6-30AF-484B-9D42-58F7F6B90A1D}.Release|ARM32.ActiveCfg = Release|Any CPU
		{72696BB6-30AF-484B-9D42-58F7F6B90A1D}.Release|ARM32.Build.0 = Release|Any CPU
		{72696BB6-30AF-484B-9D42-58F7F6B90A1D}.Release|ARM64.ActiveCfg = Release|Any CPU
		{72696BB6-30AF-484B-9D42-58F7F6B90A1D}.Release|ARM64.Build.0 = Release|Any CPU
		{72696BB6-30AF-484B-9D42-58F7F6B90A1D}.Release|x64.ActiveCfg = Release|Any CPU
		{72696BB6-30AF-484B-9D42-58F7F6B90A1D}.Release|x64.Build.0 = Release|Any CPU
		{72696BB6-30AF-484B-9D42-58F7F6B90A1D}.Release|x86.ActiveCfg = Release|Any CPU
		{72696BB6-30AF-484B-9D42-58F7F6B90A1D}.Release|x86.Build.0 = Release|Any CPU
		{C6913B99-281C-4F32-A20B-6A416E9B3D06}.Debug|Any CPU.ActiveCfg = Debug|Any CPU
		{C6913B99-281C-4F32-A20B-6A416E9B3D06}.Debug|Any CPU.Build.0 = Debug|Any CPU
		{C6913B99-281C-4F32-A20B-6A416E9B3D06}.Debug|ARM32.ActiveCfg = Debug|Any CPU
		{C6913B99-281C-4F32-A20B-6A416E9B3D06}.Debug|ARM32.Build.0 = Debug|Any CPU
		{C6913B99-281C-4F32-A20B-6A416E9B3D06}.Debug|ARM64.ActiveCfg = Debug|Any CPU
		{C6913B99-281C-4F32-A20B-6A416E9B3D06}.Debug|ARM64.Build.0 = Debug|Any CPU
		{C6913B99-281C-4F32-A20B-6A416E9B3D06}.Debug|x64.ActiveCfg = Debug|Any CPU
		{C6913B99-281C-4F32-A20B-6A416E9B3D06}.Debug|x64.Build.0 = Debug|Any CPU
		{C6913B99-281C-4F32-A20B-6A416E9B3D06}.Debug|x86.ActiveCfg = Debug|Any CPU
		{C6913B99-281C-4F32-A20B-6A416E9B3D06}.Debug|x86.Build.0 = Debug|Any CPU
		{C6913B99-281C-4F32-A20B-6A416E9B3D06}.Release|Any CPU.ActiveCfg = Release|Any CPU
		{C6913B99-281C-4F32-A20B-6A416E9B3D06}.Release|Any CPU.Build.0 = Release|Any CPU
		{C6913B99-281C-4F32-A20B-6A416E9B3D06}.Release|ARM32.ActiveCfg = Release|Any CPU
		{C6913B99-281C-4F32-A20B-6A416E9B3D06}.Release|ARM32.Build.0 = Release|Any CPU
		{C6913B99-281C-4F32-A20B-6A416E9B3D06}.Release|ARM64.ActiveCfg = Release|Any CPU
		{C6913B99-281C-4F32-A20B-6A416E9B3D06}.Release|ARM64.Build.0 = Release|Any CPU
		{C6913B99-281C-4F32-A20B-6A416E9B3D06}.Release|x64.ActiveCfg = Release|Any CPU
		{C6913B99-281C-4F32-A20B-6A416E9B3D06}.Release|x64.Build.0 = Release|Any CPU
		{C6913B99-281C-4F32-A20B-6A416E9B3D06}.Release|x86.ActiveCfg = Release|Any CPU
		{C6913B99-281C-4F32-A20B-6A416E9B3D06}.Release|x86.Build.0 = Release|Any CPU
		{42274CA3-1A9E-4ABD-80B2-CCF0C6E39784}.Debug|Any CPU.ActiveCfg = Debug|Any CPU
		{42274CA3-1A9E-4ABD-80B2-CCF0C6E39784}.Debug|Any CPU.Build.0 = Debug|Any CPU
		{42274CA3-1A9E-4ABD-80B2-CCF0C6E39784}.Debug|ARM32.ActiveCfg = Debug|ARM32
		{42274CA3-1A9E-4ABD-80B2-CCF0C6E39784}.Debug|ARM32.Build.0 = Debug|ARM32
		{42274CA3-1A9E-4ABD-80B2-CCF0C6E39784}.Debug|ARM64.ActiveCfg = Debug|ARM64
		{42274CA3-1A9E-4ABD-80B2-CCF0C6E39784}.Debug|ARM64.Build.0 = Debug|ARM64
		{42274CA3-1A9E-4ABD-80B2-CCF0C6E39784}.Debug|x64.ActiveCfg = Debug|x64
		{42274CA3-1A9E-4ABD-80B2-CCF0C6E39784}.Debug|x64.Build.0 = Debug|x64
		{42274CA3-1A9E-4ABD-80B2-CCF0C6E39784}.Debug|x86.ActiveCfg = Debug|x86
		{42274CA3-1A9E-4ABD-80B2-CCF0C6E39784}.Debug|x86.Build.0 = Debug|x86
		{42274CA3-1A9E-4ABD-80B2-CCF0C6E39784}.Release|Any CPU.ActiveCfg = Release|Any CPU
		{42274CA3-1A9E-4ABD-80B2-CCF0C6E39784}.Release|Any CPU.Build.0 = Release|Any CPU
		{42274CA3-1A9E-4ABD-80B2-CCF0C6E39784}.Release|ARM32.ActiveCfg = Release|ARM32
		{42274CA3-1A9E-4ABD-80B2-CCF0C6E39784}.Release|ARM32.Build.0 = Release|ARM32
		{42274CA3-1A9E-4ABD-80B2-CCF0C6E39784}.Release|ARM64.ActiveCfg = Release|ARM64
		{42274CA3-1A9E-4ABD-80B2-CCF0C6E39784}.Release|ARM64.Build.0 = Release|ARM64
		{42274CA3-1A9E-4ABD-80B2-CCF0C6E39784}.Release|x64.ActiveCfg = Release|x64
		{42274CA3-1A9E-4ABD-80B2-CCF0C6E39784}.Release|x64.Build.0 = Release|x64
		{42274CA3-1A9E-4ABD-80B2-CCF0C6E39784}.Release|x86.ActiveCfg = Release|x86
		{42274CA3-1A9E-4ABD-80B2-CCF0C6E39784}.Release|x86.Build.0 = Release|x86
	EndGlobalSection
	GlobalSection(SolutionProperties) = preSolution
		HideSolutionNode = FALSE
	EndGlobalSection
	GlobalSection(ExtensibilityGlobals) = postSolution
		SolutionGuid = {3AE2F290-9AE8-4DEC-A552-33E7644469D7}
	EndGlobalSection
EndGlobal
